
Microsoft Visual Studio Solution File, Format Version 12.00
# Visual Studio Version 17
VisualStudioVersion = 17.14.36518.9 d17.14
MinimumVisualStudioVersion = 10.0.40219.1
Project("{FAE04EC0-301F-11D3-BF4B-00C04F79EFBC}") = "MottaFit.Api", "MottaFit.Api\MottaFit.Api.csproj", "{57519FF6-25BD-4AE6-A952-792B47CDA70A}"
EndProject
Global
	GlobalSection(SolutionConfigurationPlatforms) = preSolution
		Debug|Any CPU = Debug|Any CPU
		Release|Any CPU = Release|Any CPU
	EndGlobalSection
	GlobalSection(ProjectConfigurationPlatforms) = postSolution
		{57519FF6-25BD-4AE6-A952-792B47CDA70A}.Debug|Any CPU.ActiveCfg = Debug|Any CPU
		{57519FF6-25BD-4AE6-A952-792B47CDA70A}.Debug|Any CPU.Build.0 = Debug|Any CPU
		{57519FF6-25BD-4AE6-A952-792B47CDA70A}.Release|Any CPU.ActiveCfg = Release|Any CPU
		{57519FF6-25BD-4AE6-A952-792B47CDA70A}.Release|Any CPU.Build.0 = Release|Any CPU
	EndGlobalSection
	GlobalSection(SolutionProperties) = preSolution
		HideSolutionNode = FALSE
	EndGlobalSection
	GlobalSection(ExtensibilityGlobals) = postSolution
		SolutionGuid = {6821D7C2-CBB9-4A53-84C1-2A261AD9445C}
	EndGlobalSection
EndGlobal
